{
  "version": "5",
  "specifiers": {
    "jsr:@std/assert@^1.0.14": "1.0.19",
    "jsr:@std/internal@^1.0.12": "1.0.14",
    "jsr:@std/streams@^1.0.17": "1.1.1",
    "jsr:@std/tar@~0.1.10": "0.1.10",
    "jsr:@std/yaml@1": "1.1.2",
    "npm:@preact/signals@^2.3.1": "2.10.0_preact@10.29.7",
    "npm:preact@^10.29.7": "10.29.7"
  },
  "jsr": {
    "@std/assert@1.0.19": {
      "integrity": "eaada96ee120cb980bc47e040f82814d786fe8162ecc53c91d8df60b8755991e",
      "dependencies": [
        "jsr:@std/internal"
      ]
    },
    "@std/internal@1.0.14": {
      "integrity": "291516b3d4c35024d6ffbc0a9df5bf4c64116e05b50012cf846710152d2ffdf7"
    },
    "@std/streams@1.1.1": {
      "integrity": "92556d350e537e9dce527a6d08f6f15be3ff65e656079dea69d15252187c7613"
    },
    "@std/tar@0.1.10": {
      "integrity": "6bf907f3a4bc8bfef42973ba132d946756a6161ef6b914a9e1c06debe664db17",
      "dependencies": [
        "jsr:@std/streams"
      ]
    },
    "@std/yaml@1.1.2": {
      "integrity": "de612653c036749ba2044165e316f52412b0f0698afffb7ee80b5331d6d2abae"
    }
  },
  "npm": {
    "@preact/signals-core@1.14.4": {
      "integrity": "sha512-HNB6HYeYKhQbJ1aKl+YRjrS4+QWHLKX6qKoUsfS/m0vqzsVaEBiZiaKbG/e+NKk2ch5ALQr/ihWaMHxiCuuWHA=="
    },
    "@preact/signals@2.10.0_preact@10.29.7": {
      "integrity": "sha512-avH1zQLZR6c0DmH3pT/sn4RIzsNDXAue+MEoyS5RIvApKALSU8m05KyBOL8ua21gxeDYp1DclTMcFd+N1zaL1Q==",
      "dependencies": [
        "@preact/signals-core",
        "preact"
      ]
    },
    "preact@10.29.7": {
      "integrity": "sha512-DCHYrK/B10yUD3ZjLfhZ3WIE/9Vf9VFUODcRE2dRomTYDpJk6z6L9wecSfhfE6M9ZTHUdyQkoC46arIDhEV84Q=="
    }
  },
  "workspace": {
    "dependencies": [
      "jsr:@std/assert@^1.0.14",
      "jsr:@std/tar@~0.1.10",
      "npm:@preact/signals@^2.3.1",
      "npm:preact@^10.29.7"
    ]
  }
}
